
Microsoft Visual Studio Solution File, Format Version 12.00
# Visual Studio Version 16
VisualStudioVersion = 16.0.31624.102
MinimumVisualStudioVersion = 10.0.40219.1
Project("{FAE04EC0-301F-11D3-BF4B-00C04F79EFBC}") = "sekretariat", "sekretariat\sekretariat.csproj", "{DD81055F-E79F-4990-BF11-3D9B92927B8E}"
EndProject
Global
	GlobalSection(SolutionConfigurationPlatforms) = preSolution
		Debug|Any CPU = Debug|Any CPU
		Release|Any CPU = Release|Any CPU
	EndGlobalSection
	GlobalSection(ProjectConfigurationPlatforms) = postSolution
		{DD81055F-E79F-4990-BF11-3D9B92927B8E}.Debug|Any CPU.ActiveCfg = Debug|Any CPU
		{DD81055F-E79F-4990-BF11-3D9B92927B8E}.Debug|Any CPU.Build.0 = Debug|Any CPU
		{DD81055F-E79F-4990-BF11-3D9B92927B8E}.Release|Any CPU.ActiveCfg = Release|Any CPU
		{DD81055F-E79F-4990-BF11-3D9B92927B8E}.Release|Any CPU.Build.0 = Release|Any CPU
	EndGlobalSection
	GlobalSection(SolutionProperties) = preSolution
		HideSolutionNode = FALSE
	EndGlobalSection
	GlobalSection(ExtensibilityGlobals) = postSolution
		SolutionGuid = {F73DEA21-A51E-4AD8-A8B0-0CC797142B12}
	EndGlobalSection
EndGlobal
